
Microsoft Visual Studio Solution File, Format Version 12.00
# Visual Studio Version 16
VisualStudioVersion = 16.0.30002.166
MinimumVisualStudioVersion = 10.0.40219.1
Project("{9A19103F-16F7-4668-BE54-9A1E7A4F7556}") = "nagikiShopSolution.WebApp", "nagikiShopSolution.WebApp\nagikiShopSolution.WebApp.csproj", "{3C037340-E3C7-4244-9E8F-62465A59B0F9}"
EndProject
Project("{2150E333-8FDC-42A3-9474-1A3956D46DE8}") = "0.Solution Items", "0.Solution Items", "{A56F8778-31EF-4A07-B0C6-76F2463F3BB4}"
	ProjectSection(SolutionItems) = preProject
		README.md = README.md
	EndProjectSection
EndProject
Project("{9A19103F-16F7-4668-BE54-9A1E7A4F7556}") = "nagikiShopSolution.Data", "nagikiShopSolution.Data\nagikiShopSolution.Data.csproj", "{4A123E92-E076-490C-B7AA-C22875FACB80}"
EndProject
Project("{9A19103F-16F7-4668-BE54-9A1E7A4F7556}") = "nagikiShopSolution.Application", "nagikiShopSolution.Application\nagikiShopSolution.Application.csproj", "{E6D39DF4-4DB6-43C3-B027-8D0837ACEC91}"
EndProject
Project("{9A19103F-16F7-4668-BE54-9A1E7A4F7556}") = "nagikiShopSolution.Utilities", "nagikiShopSolution.Utilities\nagikiShopSolution.Utilities.csproj", "{3D725024-AD96-45A0-A854-94B3197070D8}"
EndProject
Project("{9A19103F-16F7-4668-BE54-9A1E7A4F7556}") = "NagikiShopSolution.ViewModels", "NagikiShopSolution.ViewModels\NagikiShopSolution.ViewModels.csproj", "{BA4B3C8D-DBD3-4758-9414-2658A20E83FD}"
EndProject
Project("{9A19103F-16F7-4668-BE54-9A1E7A4F7556}") = "nagikiShopSolution.BackendApi", "nagikiShopSolution.BackendApi\nagikiShopSolution.BackendApi.csproj", "{B8CE1AF5-2652-466D-B5E7-23B4B1A72E10}"
EndProject
Project("{2150E333-8FDC-42A3-9474-1A3956D46DE8}") = "1.Infrastructure", "1.Infrastructure", "{41AABA0F-63CC-4730-90D9-AC86F3C04999}"
EndProject
Project("{2150E333-8FDC-42A3-9474-1A3956D46DE8}") = "2.Domain", "2.Domain", "{355DB6A0-021F-4DFA-B237-D1D07AB53C79}"
EndProject
Project("{2150E333-8FDC-42A3-9474-1A3956D46DE8}") = "3.Hosts", "3.Hosts", "{BC86E690-8F05-44C2-958B-FC184EFA0A1E}"
EndProject
Project("{FAE04EC0-301F-11D3-BF4B-00C04F79EFBC}") = "nagikiShopSolution.AdminApp", "nagikiShopSolution.AdminApp\nagikiShopSolution.AdminApp.csproj", "{18BF0908-5952-496A-BD94-83F5CC4ECE3C}"
EndProject
Global
	GlobalSection(SolutionConfigurationPlatforms) = preSolution
		Debug|Any CPU = Debug|Any CPU
		Release|Any CPU = Release|Any CPU
	EndGlobalSection
	GlobalSection(ProjectConfigurationPlatforms) = postSolution
		{3C037340-E3C7-4244-9E8F-62465A59B0F9}.Debug|Any CPU.ActiveCfg = Debug|Any CPU
		{3C037340-E3C7-4244-9E8F-62465A59B0F9}.Debug|Any CPU.Build.0 = Debug|Any CPU
		{3C037340-E3C7-4244-9E8F-62465A59B0F9}.Release|Any CPU.ActiveCfg = Release|Any CPU
		{3C037340-E3C7-4244-9E8F-62465A59B0F9}.Release|Any CPU.Build.0 = Release|Any CPU
		{4A123E92-E076-490C-B7AA-C22875FACB80}.Debug|Any CPU.ActiveCfg = Debug|Any CPU
		{4A123E92-E076-490C-B7AA-C22875FACB80}.Debug|Any CPU.Build.0 = Debug|Any CPU
		{4A123E92-E076-490C-B7AA-C22875FACB80}.Release|Any CPU.ActiveCfg = Release|Any CPU
		{4A123E92-E076-490C-B7AA-C22875FACB80}.Release|Any CPU.Build.0 = Release|Any CPU
		{E6D39DF4-4DB6-43C3-B027-8D0837ACEC91}.Debug|Any CPU.ActiveCfg = Debug|Any CPU
		{E6D39DF4-4DB6-43C3-B027-8D0837ACEC91}.Debug|Any CPU.Build.0 = Debug|Any CPU
		{E6D39DF4-4DB6-43C3-B027-8D0837ACEC91}.Release|Any CPU.ActiveCfg = Release|Any CPU
		{E6D39DF4-4DB6-43C3-B027-8D0837ACEC91}.Release|Any CPU.Build.0 = Release|Any CPU
		{3D725024-AD96-45A0-A854-94B3197070D8}.Debug|Any CPU.ActiveCfg = Debug|Any CPU
		{3D725024-AD96-45A0-A854-94B3197070D8}.Debug|Any CPU.Build.0 = Debug|Any CPU
		{3D725024-AD96-45A0-A854-94B3197070D8}.Release|Any CPU.ActiveCfg = Release|Any CPU
		{3D725024-AD96-45A0-A854-94B3197070D8}.Release|Any CPU.Build.0 = Release|Any CPU
		{BA4B3C8D-DBD3-4758-9414-2658A20E83FD}.Debug|Any CPU.ActiveCfg = Debug|Any CPU
		{BA4B3C8D-DBD3-4758-9414-2658A20E83FD}.Debug|Any CPU.Build.0 = Debug|Any CPU
		{BA4B3C8D-DBD3-4758-9414-2658A20E83FD}.Release|Any CPU.ActiveCfg = Release|Any CPU
		{BA4B3C8D-DBD3-4758-9414-2658A20E83FD}.Release|Any CPU.Build.0 = Release|Any CPU
		{B8CE1AF5-2652-466D-B5E7-23B4B1A72E10}.Debug|Any CPU.ActiveCfg = Debug|Any CPU
		{B8CE1AF5-2652-466D-B5E7-23B4B1A72E10}.Debug|Any CPU.Build.0 = Debug|Any CPU
		{B8CE1AF5-2652-466D-B5E7-23B4B1A72E10}.Release|Any CPU.ActiveCfg = Release|Any CPU
		{B8CE1AF5-2652-466D-B5E7-23B4B1A72E10}.Release|Any CPU.Build.0 = Release|Any CPU
		{18BF0908-5952-496A-BD94-83F5CC4ECE3C}.Debug|Any CPU.ActiveCfg = Debug|Any CPU
		{18BF0908-5952-496A-BD94-83F5CC4ECE3C}.Debug|Any CPU.Build.0 = Debug|Any CPU
		{18BF0908-5952-496A-BD94-83F5CC4ECE3C}.Release|Any CPU.ActiveCfg = Release|Any CPU
		{18BF0908-5952-496A-BD94-83F5CC4ECE3C}.Release|Any CPU.Build.0 = Release|Any CPU
	EndGlobalSection
	GlobalSection(SolutionProperties) = preSolution
		HideSolutionNode = FALSE
	EndGlobalSection
	GlobalSection(NestedProjects) = preSolution
		{3C037340-E3C7-4244-9E8F-62465A59B0F9} = {BC86E690-8F05-44C2-958B-FC184EFA0A1E}
		{4A123E92-E076-490C-B7AA-C22875FACB80} = {355DB6A0-021F-4DFA-B237-D1D07AB53C79}
		{E6D39DF4-4DB6-43C3-B027-8D0837ACEC91} = {355DB6A0-021F-4DFA-B237-D1D07AB53C79}
		{3D725024-AD96-45A0-A854-94B3197070D8} = {41AABA0F-63CC-4730-90D9-AC86F3C04999}
		{BA4B3C8D-DBD3-4758-9414-2658A20E83FD} = {41AABA0F-63CC-4730-90D9-AC86F3C04999}
		{B8CE1AF5-2652-466D-B5E7-23B4B1A72E10} = {BC86E690-8F05-44C2-958B-FC184EFA0A1E}
		{18BF0908-5952-496A-BD94-83F5CC4ECE3C} = {BC86E690-8F05-44C2-958B-FC184EFA0A1E}
	EndGlobalSection
	GlobalSection(ExtensibilityGlobals) = postSolution
		SolutionGuid = {B3DF41D8-A9AE-452C-8F85-9734B0C094FC}
	EndGlobalSection
EndGlobal
